
Microsoft Visual Studio Solution File, Format Version 12.00
# Visual Studio Version 17
VisualStudioVersion = 17.2.32630.192
MinimumVisualStudioVersion = 10.0.40219.1
Project("{FAE04EC0-301F-11D3-BF4B-00C04F79EFBC}") = "NewsWebsiteV2", "NewsWebsiteV2\NewsWebsiteV2.csproj", "{22FCEA8E-EB06-4273-9CDB-CFB331AEB2FB}"
EndProject
Global
	GlobalSection(SolutionConfigurationPlatforms) = preSolution
		Debug|Any CPU = Debug|Any CPU
		Release|Any CPU = Release|Any CPU
	EndGlobalSection
	GlobalSection(ProjectConfigurationPlatforms) = postSolution
		{22FCEA8E-EB06-4273-9CDB-CFB331AEB2FB}.Debug|Any CPU.ActiveCfg = Debug|Any CPU
		{22FCEA8E-EB06-4273-9CDB-CFB331AEB2FB}.Debug|Any CPU.Build.0 = Debug|Any CPU
		{22FCEA8E-EB06-4273-9CDB-CFB331AEB2FB}.Release|Any CPU.ActiveCfg = Release|Any CPU
		{22FCEA8E-EB06-4273-9CDB-CFB331AEB2FB}.Release|Any CPU.Build.0 = Release|Any CPU
	EndGlobalSection
	GlobalSection(SolutionProperties) = preSolution
		HideSolutionNode = FALSE
	EndGlobalSection
	GlobalSection(ExtensibilityGlobals) = postSolution
		SolutionGuid = {87931E59-4D4B-4513-A9F9-8BB25C302CA9}
	EndGlobalSection
EndGlobal
